
Microsoft Visual Studio Solution File, Format Version 12.00
# Visual Studio 2013
VisualStudioVersion = 12.0.21005.1
MinimumVisualStudioVersion = 10.0.40219.1
Project("{E24C65DC-7377-472B-9ABA-BC803B73C61A}") = "advanced_rich_internet_applications(1)", "http://localhost:60514", "{1E4D8C73-8994-4BCA-8E42-7258C08C797D}"
	ProjectSection(WebsiteProperties) = preProject
		UseIISExpress = "true"
		TargetFrameworkMoniker = ".NETFramework,Version%3Dv4.0"
		Debug.AspNetCompiler.VirtualPath = "/localhost_60514"
		Debug.AspNetCompiler.PhysicalPath = "..\advanced_rich_internet_applications\"
		Debug.AspNetCompiler.TargetPath = "PrecompiledWeb\localhost_60514\"
		Debug.AspNetCompiler.Updateable = "true"
		Debug.AspNetCompiler.ForceOverwrite = "true"
		Debug.AspNetCompiler.FixedNames = "false"
		Debug.AspNetCompiler.Debug = "True"
		Release.AspNetCompiler.VirtualPath = "/localhost_60514"
		Release.AspNetCompiler.PhysicalPath = "..\advanced_rich_internet_applications\"
		Release.AspNetCompiler.TargetPath = "PrecompiledWeb\localhost_60514\"
		Release.AspNetCompiler.Updateable = "true"
		Release.AspNetCompiler.ForceOverwrite = "true"
		Release.AspNetCompiler.FixedNames = "false"
		Release.AspNetCompiler.Debug = "False"
		SlnRelativePath = "..\advanced_rich_internet_applications\"
	EndProjectSection
EndProject
Global
	GlobalSection(SolutionConfigurationPlatforms) = preSolution
		Debug|Any CPU = Debug|Any CPU
	EndGlobalSection
	GlobalSection(ProjectConfigurationPlatforms) = postSolution
		{1E4D8C73-8994-4BCA-8E42-7258C08C797D}.Debug|Any CPU.ActiveCfg = Debug|Any CPU
		{1E4D8C73-8994-4BCA-8E42-7258C08C797D}.Debug|Any CPU.Build.0 = Debug|Any CPU
	EndGlobalSection
	GlobalSection(SolutionProperties) = preSolution
		HideSolutionNode = FALSE
	EndGlobalSection
EndGlobal
